# SPDX-License-Identifier: Apache-2.0
#
# ROS 2 Lyrical source lock for the first VelaROS target-side dependency slice.

ROS_DISTRO=lyrical
ROS_RELEASE_DATE=2026-05-22

RCUTILS_URL=https://github.com/ros2/rcutils.git
RCUTILS_VERSION=7.1.1
RCUTILS_REV=96aea05e6ce03b851d1123e29faa1d7f8665b6bc
RCUTILS_DEB_VERSION=7.1.1-3resolute.20260430.205503

ROSIDL_URL=https://github.com/ros2/rosidl.git
ROSIDL_VERSION=5.2.1
ROSIDL_REV=024f0b9636d716b9756c25ade0b6d7b15bde18e9
ROSIDL_RUNTIME_C_DEB_VERSION=5.2.1-1resolute.20260605.171552
ROSIDL_RUNTIME_CPP_DEB_VERSION=5.2.1-1resolute.20260605.172131

# Target-side aggregate type-support dispatcher used by rmw_fastrtps_cpp.
ROSIDL_TYPESUPPORT_URL=https://github.com/ros2/rosidl_typesupport.git
ROSIDL_TYPESUPPORT_VERSION=3.4.2
ROSIDL_TYPESUPPORT_REV=f21f4d6cbb76e0da104bd8fdd093fc6a3ade59d2

# Host-only interface generators.  These exact Lyrical packages may generate
# target C/C++ sources, but their libraries must never be linked into openvela.
AMENT_CMAKE_DEB_VERSION=2.8.7-3resolute.20260430.012353
ROSIDL_DEFAULT_GENERATORS_DEB_VERSION=1.8.1-3resolute.20260605.193418
ROSIDL_GENERATOR_C_DEB_VERSION=5.2.1-1resolute.20260605.172039
ROSIDL_GENERATOR_CPP_DEB_VERSION=5.2.1-1resolute.20260605.172501
ROSIDL_TYPESUPPORT_C_DEB_VERSION=3.4.2-3resolute.20260605.172527
ROSIDL_TYPESUPPORT_CPP_DEB_VERSION=3.4.2-3resolute.20260605.172906
ROSIDL_TYPESUPPORT_INTROSPECTION_C_DEB_VERSION=5.2.1-1resolute.20260605.172306
ROSIDL_TYPESUPPORT_INTROSPECTION_CPP_DEB_VERSION=5.2.1-1resolute.20260605.172624

ROSIDL_DYNAMIC_TYPESUPPORT_URL=https://github.com/ros2/rosidl_dynamic_typesupport.git
ROSIDL_DYNAMIC_TYPESUPPORT_VERSION=0.4.1
ROSIDL_DYNAMIC_TYPESUPPORT_REV=f9ee0542b725244ba5633cb3c03d2f9cc0da0064
ROSIDL_DYNAMIC_TYPESUPPORT_DEB_VERSION=0.4.1-3resolute.20260605.172147

RMW_URL=https://github.com/ros2/rmw.git
RMW_VERSION=7.10.1
RMW_REV=69abaef996bdbe39488839bf230553af527a1d33
RMW_DEB_VERSION=7.10.1-5resolute.20260605.172559

# rcpputils is not required by the first C-only slice, but is the first
# dependency of the next rmw_dds_common layer and is locked now.
RCPPUTILS_URL=https://github.com/ros2/rcpputils.git
RCPPUTILS_VERSION=2.14.5
RCPPUTILS_REV=b8775ec03b9412789b34358c738b0e87c53e1b31
RCPPUTILS_DEB_VERSION=2.14.5-1resolute.20260430.205810

# Second target-side slice: Fast DDS RMW and its generated-message boundary.
RMW_FASTRTPS_URL=https://github.com/ros2/rmw_fastrtps.git
RMW_FASTRTPS_VERSION=9.4.8
RMW_FASTRTPS_REV=198a8b57386144896e5270a2a51bc4306be33967
RMW_FASTRTPS_DEB_VERSION=9.4.8-1resolute.20260606.004157

RMW_DDS_COMMON_URL=https://github.com/ros2/rmw_dds_common.git
RMW_DDS_COMMON_VERSION=6.0.0
RMW_DDS_COMMON_REV=2f00e6e9208e925d61330ea92f857b2e67d595ab
RMW_DDS_COMMON_DEB_VERSION=6.0.0-3resolute.20260606.003034

ROSIDL_TYPESUPPORT_FASTRTPS_URL=https://github.com/ros2/rosidl_typesupport_fastrtps.git
ROSIDL_TYPESUPPORT_FASTRTPS_VERSION=3.9.5
ROSIDL_TYPESUPPORT_FASTRTPS_REV=fa6cab41fd21f034fc735337b4f3fe9d83829a49
ROSIDL_TYPESUPPORT_FASTRTPS_DEB_VERSION=3.9.5-3resolute.20260605.173343
ROSIDL_TYPESUPPORT_FASTRTPS_C_DEB_VERSION=3.9.5-3resolute.20260605.173622
ROSIDL_TYPESUPPORT_FASTRTPS_CPP_DEB_VERSION=3.9.5-3resolute.20260605.173343

ROSIDL_DYNAMIC_TYPESUPPORT_FASTRTPS_URL=https://github.com/ros2/rosidl_dynamic_typesupport_fastrtps.git
ROSIDL_DYNAMIC_TYPESUPPORT_FASTRTPS_VERSION=0.5.1
ROSIDL_DYNAMIC_TYPESUPPORT_FASTRTPS_REV=de01f56ccbf80851b5460a3ca169b4ca71c58b48
ROSIDL_DYNAMIC_TYPESUPPORT_FASTRTPS_DEB_VERSION=0.5.1-3resolute.20260605.172602

# rcl is the next layer after the Fast DDS RMW slice.  Lock its runtime,
# interface definitions, logging/YAML boundaries, and tracing shim together.
RCL_URL=https://github.com/ros2/rcl.git
RCL_VERSION=10.4.4
RCL_REV=da0b5e70247ef1fb0425bf35417d4e9fdf11efb9
RCL_DEB_VERSION=10.4.4-1resolute.20260606.020512

# C++ client-library API baseline.  VelaROS compiles only the audited static
# RAII subset implemented by its platform layer; this source is retained for
# API comparison, license provenance, and future incremental extraction.
RCLCPP_URL=https://github.com/ros2/rclcpp.git
RCLCPP_VERSION=32.0.0
RCLCPP_REV=c80310e420185110bb8876a67223c14a02feee59
RCLCPP_DEB_VERSION=32.0.0-1resolute.20260606.021228

RCL_INTERFACES_URL=https://github.com/ros2/rcl_interfaces.git
RCL_INTERFACES_VERSION=2.4.5
RCL_INTERFACES_REV=b90e36e4adf5ed878efa2f365a84798f782618cd
RCL_INTERFACES_DEB_VERSION=2.4.5-1resolute.20260606.000256

RCL_LOGGING_URL=https://github.com/ros2/rcl_logging.git
RCL_LOGGING_VERSION=3.4.1
RCL_LOGGING_REV=904c0971bd0b3581094af853b76b56304915248e
RCL_LOGGING_DEB_VERSION=3.4.1-3resolute.20260606.014207

LIBYAML_VENDOR_URL=https://github.com/ros2/libyaml_vendor.git
LIBYAML_VENDOR_VERSION=1.8.1
LIBYAML_VENDOR_REV=78a2eb793c0aefb399f0fc7e9882524868b117c1
LIBYAML_VENDOR_DEB_VERSION=1.8.1-3resolute.20260430.012758

ROS2_TRACING_URL=https://github.com/ros2/ros2_tracing.git
ROS2_TRACING_VERSION=8.10.2
ROS2_TRACING_REV=24c3dea0fcee6f1fd0eb5244c6e1ea390dd479ac
ROS2_TRACING_DEB_VERSION=8.10.2-1resolute.20260430.205501

UNIQUE_IDENTIFIER_MSGS_URL=https://github.com/ros2/unique_identifier_msgs.git
UNIQUE_IDENTIFIER_MSGS_VERSION=2.8.1
UNIQUE_IDENTIFIER_MSGS_REV=b4779af6b3d3c45e710802a0e7f86113da281ae8
UNIQUE_IDENTIFIER_MSGS_DEB_VERSION=2.8.1-3resolute.20260605.174410

# First user-facing message package for the VelaROS host interoperability test.
COMMON_INTERFACES_URL=https://github.com/ros2/common_interfaces.git
COMMON_INTERFACES_VERSION=5.9.2
COMMON_INTERFACES_REV=5efc32faf0a6c72d865188b33c58b4ed277e8e5b
STD_MSGS_DEB_VERSION=5.9.2-3resolute.20260606.003418
GEOMETRY_MSGS_DEB_VERSION=5.9.2-3resolute.20260606.005051
STD_SRVS_DEB_VERSION=5.9.2-3resolute.20260606.003402

# Statically generated reference Action used for the bounded Action profile.
# Only Fibonacci and its standard five-channel wire closure enter openvela.
EXAMPLE_INTERFACES_URL=https://github.com/ros2/example_interfaces.git
EXAMPLE_INTERFACES_VERSION=0.14.1
EXAMPLE_INTERFACES_REV=e4f46c5762e433a72b2496bb23b0375ecfc06d1e
EXAMPLE_INTERFACES_DEB_VERSION=0.14.1-3resolute.20260606.002907
ACTION_MSGS_DEB_VERSION=2.4.5-1resolute.20260605.190918
BUILTIN_INTERFACES_DEB_VERSION=2.4.5-1resolute.20260605.174229
UNIQUE_IDENTIFIER_MSGS_DEB_VERSION=2.8.1-3resolute.20260605.174410
SERVICE_MSGS_DEB_VERSION=2.4.5-1resolute.20260605.184435
